
Microsoft Visual Studio Solution File, Format Version 12.00
# Visual Studio 15
VisualStudioVersion = 15.0.27130.2027
MinimumVisualStudioVersion = 10.0.40219.1
Project("{FAE04EC0-301F-11D3-BF4B-00C04F79EFBC}") = "Radical", "Radical\Radical.csproj", "{43D31D02-96E7-41F0-8D60-2E0B2F9A6BC9}"
EndProject
Project("{FAE04EC0-301F-11D3-BF4B-00C04F79EFBC}") = "Stepper", "Stepper\Stepper.csproj", "{A1FF2C55-A167-4EA8-8621-356D7BC7568F}"
EndProject
Global
	GlobalSection(SolutionConfigurationPlatforms) = preSolution
		Debug|Any CPU = Debug|Any CPU
		Debug64|Any CPU = Debug64|Any CPU
		Release|Any CPU = Release|Any CPU
	EndGlobalSection
	GlobalSection(ProjectConfigurationPlatforms) = postSolution
		{43D31D02-96E7-41F0-8D60-2E0B2F9A6BC9}.Debug|Any CPU.ActiveCfg = Debug64|Any CPU
		{43D31D02-96E7-41F0-8D60-2E0B2F9A6BC9}.Debug|Any CPU.Build.0 = Debug64|Any CPU
		{43D31D02-96E7-41F0-8D60-2E0B2F9A6BC9}.Debug64|Any CPU.ActiveCfg = Debug64|Any CPU
		{43D31D02-96E7-41F0-8D60-2E0B2F9A6BC9}.Debug64|Any CPU.Build.0 = Debug64|Any CPU
		{43D31D02-96E7-41F0-8D60-2E0B2F9A6BC9}.Release|Any CPU.ActiveCfg = Release|Any CPU
		{43D31D02-96E7-41F0-8D60-2E0B2F9A6BC9}.Release|Any CPU.Build.0 = Release|Any CPU
		{A1FF2C55-A167-4EA8-8621-356D7BC7568F}.Debug|Any CPU.ActiveCfg = Debug|Any CPU
		{A1FF2C55-A167-4EA8-8621-356D7BC7568F}.Debug|Any CPU.Build.0 = Debug|Any CPU
		{A1FF2C55-A167-4EA8-8621-356D7BC7568F}.Debug64|Any CPU.ActiveCfg = Debug|Any CPU
		{A1FF2C55-A167-4EA8-8621-356D7BC7568F}.Debug64|Any CPU.Build.0 = Debug|Any CPU
		{A1FF2C55-A167-4EA8-8621-356D7BC7568F}.Release|Any CPU.ActiveCfg = Release|Any CPU
		{A1FF2C55-A167-4EA8-8621-356D7BC7568F}.Release|Any CPU.Build.0 = Release|Any CPU
	EndGlobalSection
	GlobalSection(SolutionProperties) = preSolution
		HideSolutionNode = FALSE
	EndGlobalSection
	GlobalSection(ExtensibilityGlobals) = postSolution
		SolutionGuid = {5B36329C-039E-451F-8A8E-BCAF9678135D}
	EndGlobalSection
EndGlobal
